
Microsoft Visual Studio Solution File, Format Version 12.00
# Visual Studio Version 17
VisualStudioVersion = 17.6.33723.286
MinimumVisualStudioVersion = 10.0.40219.1
Project("{FAE04EC0-301F-11D3-BF4B-00C04F79EFBC}") = "Lab_Assesment", "Lab_Assesment\Lab_Assesment.csproj", "{DC5DD890-9B1B-4BD7-8AF7-9CBEFDD75841}"
EndProject
Global
	GlobalSection(SolutionConfigurationPlatforms) = preSolution
		Debug|Any CPU = Debug|Any CPU
		Release|Any CPU = Release|Any CPU
	EndGlobalSection
	GlobalSection(ProjectConfigurationPlatforms) = postSolution
		{DC5DD890-9B1B-4BD7-8AF7-9CBEFDD75841}.Debug|Any CPU.ActiveCfg = Debug|Any CPU
		{DC5DD890-9B1B-4BD7-8AF7-9CBEFDD75841}.Debug|Any CPU.Build.0 = Debug|Any CPU
		{DC5DD890-9B1B-4BD7-8AF7-9CBEFDD75841}.Release|Any CPU.ActiveCfg = Release|Any CPU
		{DC5DD890-9B1B-4BD7-8AF7-9CBEFDD75841}.Release|Any CPU.Build.0 = Release|Any CPU
	EndGlobalSection
	GlobalSection(SolutionProperties) = preSolution
		HideSolutionNode = FALSE
	EndGlobalSection
	GlobalSection(ExtensibilityGlobals) = postSolution
		SolutionGuid = {0319B15F-79AB-4F6D-AF4D-67B392C01031}
	EndGlobalSection
EndGlobal
